
Microsoft Visual Studio Solution File, Format Version 12.00
# Visual Studio Version 16
VisualStudioVersion = 16.0.28803.202
MinimumVisualStudioVersion = 10.0.40219.1
Project("{9A19103F-16F7-4668-BE54-9A1E7A4F7556}") = "BootFX.Common", "BootFX.Common\BootFX.Common.csproj", "{54348FE2-0E4D-4AB6-8CB3-7A1A7EBC6D18}"
EndProject
Project("{FAE04EC0-301F-11D3-BF4B-00C04F79EFBC}") = "BootFX.Common.DbUtil", "BootFX.Common.DbUtil\BootFX.Common.DbUtil.csproj", "{4F172EB2-8B58-43AC-A8E2-BC6869AF6B40}"
EndProject
Global
	GlobalSection(SolutionConfigurationPlatforms) = preSolution
		Debug|Any CPU = Debug|Any CPU
		Release|Any CPU = Release|Any CPU
	EndGlobalSection
	GlobalSection(ProjectConfigurationPlatforms) = postSolution
		{54348FE2-0E4D-4AB6-8CB3-7A1A7EBC6D18}.Debug|Any CPU.ActiveCfg = Debug|Any CPU
		{54348FE2-0E4D-4AB6-8CB3-7A1A7EBC6D18}.Debug|Any CPU.Build.0 = Debug|Any CPU
		{54348FE2-0E4D-4AB6-8CB3-7A1A7EBC6D18}.Release|Any CPU.ActiveCfg = Release|Any CPU
		{54348FE2-0E4D-4AB6-8CB3-7A1A7EBC6D18}.Release|Any CPU.Build.0 = Release|Any CPU
		{4F172EB2-8B58-43AC-A8E2-BC6869AF6B40}.Debug|Any CPU.ActiveCfg = Debug|Any CPU
		{4F172EB2-8B58-43AC-A8E2-BC6869AF6B40}.Debug|Any CPU.Build.0 = Debug|Any CPU
		{4F172EB2-8B58-43AC-A8E2-BC6869AF6B40}.Release|Any CPU.ActiveCfg = Release|Any CPU
		{4F172EB2-8B58-43AC-A8E2-BC6869AF6B40}.Release|Any CPU.Build.0 = Release|Any CPU
	EndGlobalSection
	GlobalSection(SolutionProperties) = preSolution
		HideSolutionNode = FALSE
	EndGlobalSection
	GlobalSection(ExtensibilityGlobals) = postSolution
		SolutionGuid = {C9FFCAB6-2019-4C02-87F5-62FBB6E1BA94}
	EndGlobalSection
EndGlobal
